
Microsoft Visual Studio Solution File, Format Version 12.00
# Visual Studio Version 16
VisualStudioVersion = 16.0.30011.22
MinimumVisualStudioVersion = 10.0.40219.1
Project("{FAE04EC0-301F-11D3-BF4B-00C04F79EFBC}") = "금지어", "금지어\금지어.csproj", "{929A513F-7580-42A5-97F4-4792D41D0A92}"
EndProject
Global
	GlobalSection(SolutionConfigurationPlatforms) = preSolution
		Debug|Any CPU = Debug|Any CPU
		Release|Any CPU = Release|Any CPU
	EndGlobalSection
	GlobalSection(ProjectConfigurationPlatforms) = postSolution
		{929A513F-7580-42A5-97F4-4792D41D0A92}.Debug|Any CPU.ActiveCfg = Debug|Any CPU
		{929A513F-7580-42A5-97F4-4792D41D0A92}.Debug|Any CPU.Build.0 = Debug|Any CPU
		{929A513F-7580-42A5-97F4-4792D41D0A92}.Release|Any CPU.ActiveCfg = Release|Any CPU
		{929A513F-7580-42A5-97F4-4792D41D0A92}.Release|Any CPU.Build.0 = Release|Any CPU
	EndGlobalSection
	GlobalSection(SolutionProperties) = preSolution
		HideSolutionNode = FALSE
	EndGlobalSection
	GlobalSection(ExtensibilityGlobals) = postSolution
		SolutionGuid = {E1E9822A-6D23-482D-86FE-55060A5EECC3}
	EndGlobalSection
EndGlobal
