
Microsoft Visual Studio Solution File, Format Version 12.00
# Visual Studio Version 16
VisualStudioVersion = 16.0.30011.22
MinimumVisualStudioVersion = 10.0.40219.1
Project("{FAE04EC0-301F-11D3-BF4B-00C04F79EFBC}") = "평균 최대 최소", "평균 최대 최소\평균 최대 최소.csproj", "{89457D67-5BB4-4C28-8149-37D5712090ED}"
EndProject
Global
	GlobalSection(SolutionConfigurationPlatforms) = preSolution
		Debug|Any CPU = Debug|Any CPU
		Release|Any CPU = Release|Any CPU
	EndGlobalSection
	GlobalSection(ProjectConfigurationPlatforms) = postSolution
		{89457D67-5BB4-4C28-8149-37D5712090ED}.Debug|Any CPU.ActiveCfg = Debug|Any CPU
		{89457D67-5BB4-4C28-8149-37D5712090ED}.Debug|Any CPU.Build.0 = Debug|Any CPU
		{89457D67-5BB4-4C28-8149-37D5712090ED}.Release|Any CPU.ActiveCfg = Release|Any CPU
		{89457D67-5BB4-4C28-8149-37D5712090ED}.Release|Any CPU.Build.0 = Release|Any CPU
	EndGlobalSection
	GlobalSection(SolutionProperties) = preSolution
		HideSolutionNode = FALSE
	EndGlobalSection
	GlobalSection(ExtensibilityGlobals) = postSolution
		SolutionGuid = {7C763DA0-AEBA-4247-907F-D07484F02043}
	EndGlobalSection
EndGlobal
